{
    "_meta": {
        "hash": {
            "sha256": "bc0a0f1ad0563cf9c877ac3cc3549c67edf5ce5402aa85702a00608e0b5ab4a1"
        },
        "requires": {},
        "sources": [
            {
                "url": "https://pypi.python.org/simple",
                "verify_ssl": true
            }
        ]
    },
    "default": {
        "arrow": {
            "version": "==0.10.0"
        },
        "python-dateutil": {
            "version": "==2.6.1"
        },
        "six": {
            "version": "==1.10.0"
        }
    },
    "develop": {
        "capturer": {
            "version": "==2.4"
        },
        "certifi": {
            "version": "==2017.7.27.1"
        },
        "chardet": {
            "version": "==3.0.4"
        },
        "coverage": {
            "version": "==4.4.1"
        },
        "humanfriendly": {
            "version": "==4.4.1"
        },
        "idna": {
            "version": "==2.6"
        },
        "pkginfo": {
            "version": "==1.4.1"
        },
        "py": {
            "version": "==1.4.34"
        },
        "pytest": {
            "version": "==3.2.1"
        },
        "pytest-cov": {
            "version": "==2.5.1"
        },
        "requests": {
            "version": "==2.18.4"
        },
        "requests-toolbelt": {
            "version": "==0.8.0"
        },
        "setuptools": {
            "version": "==36.3.0"
        },
        "tqdm": {
            "version": "==4.15.0"
        },
        "twine": {
            "version": "==1.9.1"
        },
        "urllib3": {
            "version": "==1.22"
        },
        "wheel": {
            "version": "==0.29.0"
        }
    }
}
